
Microsoft Visual Studio Solution File, Format Version 12.00
# Visual Studio Version 16
VisualStudioVersion = 16.0.31624.102
MinimumVisualStudioVersion = 10.0.40219.1
Project("{9A19103F-16F7-4668-BE54-9A1E7A4F7556}") = "LHBOL", "LHBOL\LHBOL.csproj", "{9583DE84-FE49-462A-A3FA-16F044C9FABC}"
EndProject
Project("{9A19103F-16F7-4668-BE54-9A1E7A4F7556}") = "LHDAL", "LHDAL\LHDAL.csproj", "{43C59686-D3A7-4698-9699-BC00C876135D}"
EndProject
Project("{FAE04EC0-301F-11D3-BF4B-00C04F79EFBC}") = "LHBLL", "LHBLL\LHBLL.csproj", "{5A7BA5A1-6418-4F58-B63C-9D2E7EABB85A}"
EndProject
Project("{FAE04EC0-301F-11D3-BF4B-00C04F79EFBC}") = "LHUI", "LHUI\LHUI.csproj", "{2115CCE5-C983-41F6-9452-71F48C3DC3B5}"
EndProject
Global
	GlobalSection(SolutionConfigurationPlatforms) = preSolution
		Debug|Any CPU = Debug|Any CPU
		Release|Any CPU = Release|Any CPU
	EndGlobalSection
	GlobalSection(ProjectConfigurationPlatforms) = postSolution
		{9583DE84-FE49-462A-A3FA-16F044C9FABC}.Debug|Any CPU.ActiveCfg = Debug|Any CPU
		{9583DE84-FE49-462A-A3FA-16F044C9FABC}.Debug|Any CPU.Build.0 = Debug|Any CPU
		{9583DE84-FE49-462A-A3FA-16F044C9FABC}.Release|Any CPU.ActiveCfg = Release|Any CPU
		{9583DE84-FE49-462A-A3FA-16F044C9FABC}.Release|Any CPU.Build.0 = Release|Any CPU
		{43C59686-D3A7-4698-9699-BC00C876135D}.Debug|Any CPU.ActiveCfg = Debug|Any CPU
		{43C59686-D3A7-4698-9699-BC00C876135D}.Debug|Any CPU.Build.0 = Debug|Any CPU
		{43C59686-D3A7-4698-9699-BC00C876135D}.Release|Any CPU.ActiveCfg = Release|Any CPU
		{43C59686-D3A7-4698-9699-BC00C876135D}.Release|Any CPU.Build.0 = Release|Any CPU
		{5A7BA5A1-6418-4F58-B63C-9D2E7EABB85A}.Debug|Any CPU.ActiveCfg = Debug|Any CPU
		{5A7BA5A1-6418-4F58-B63C-9D2E7EABB85A}.Debug|Any CPU.Build.0 = Debug|Any CPU
		{5A7BA5A1-6418-4F58-B63C-9D2E7EABB85A}.Release|Any CPU.ActiveCfg = Release|Any CPU
		{5A7BA5A1-6418-4F58-B63C-9D2E7EABB85A}.Release|Any CPU.Build.0 = Release|Any CPU
		{2115CCE5-C983-41F6-9452-71F48C3DC3B5}.Debug|Any CPU.ActiveCfg = Debug|Any CPU
		{2115CCE5-C983-41F6-9452-71F48C3DC3B5}.Debug|Any CPU.Build.0 = Debug|Any CPU
		{2115CCE5-C983-41F6-9452-71F48C3DC3B5}.Release|Any CPU.ActiveCfg = Release|Any CPU
		{2115CCE5-C983-41F6-9452-71F48C3DC3B5}.Release|Any CPU.Build.0 = Release|Any CPU
	EndGlobalSection
	GlobalSection(SolutionProperties) = preSolution
		HideSolutionNode = FALSE
	EndGlobalSection
	GlobalSection(ExtensibilityGlobals) = postSolution
		SolutionGuid = {8C859F16-E1A4-4476-84C0-2A5A06DB8CFA}
	EndGlobalSection
EndGlobal
